
Microsoft Visual Studio Solution File, Format Version 12.00
# Visual Studio Version 16
VisualStudioVersion = 16.0.30907.101
MinimumVisualStudioVersion = 10.0.40219.1
Project("{FAE04EC0-301F-11D3-BF4B-00C04F79EFBC}") = "NotificationSample", "NotificationSample\NotificationSample.csproj", "{781105A1-0027-4737-877E-6531BE6D54E6}"
EndProject
Global
	GlobalSection(SolutionConfigurationPlatforms) = preSolution
		Debug|Any CPU = Debug|Any CPU
		Release|Any CPU = Release|Any CPU
	EndGlobalSection
	GlobalSection(ProjectConfigurationPlatforms) = postSolution
		{781105A1-0027-4737-877E-6531BE6D54E6}.Debug|Any CPU.ActiveCfg = Debug|Any CPU
		{781105A1-0027-4737-877E-6531BE6D54E6}.Debug|Any CPU.Build.0 = Debug|Any CPU
		{781105A1-0027-4737-877E-6531BE6D54E6}.Release|Any CPU.ActiveCfg = Release|Any CPU
		{781105A1-0027-4737-877E-6531BE6D54E6}.Release|Any CPU.Build.0 = Release|Any CPU
	EndGlobalSection
	GlobalSection(SolutionProperties) = preSolution
		HideSolutionNode = FALSE
	EndGlobalSection
	GlobalSection(ExtensibilityGlobals) = postSolution
		SolutionGuid = {5B67C63A-75ED-48FA-B2AE-4E6B0CD959A5}
	EndGlobalSection
EndGlobal
